
Microsoft Visual Studio Solution File, Format Version 12.00
# Visual Studio Version 16
VisualStudioVersion = 16.0.29613.14
MinimumVisualStudioVersion = 10.0.40219.1
Project("{FAE04EC0-301F-11D3-BF4B-00C04F79EFBC}") = "net-core-bootcamp-b1-altan", "net-core-bootcamp-b1-altan.csproj", "{11214BA5-1856-4A7F-9A2C-85EACD0741C2}"
EndProject
Global
	GlobalSection(SolutionConfigurationPlatforms) = preSolution
		Debug|Any CPU = Debug|Any CPU
		Release|Any CPU = Release|Any CPU
	EndGlobalSection
	GlobalSection(ProjectConfigurationPlatforms) = postSolution
		{11214BA5-1856-4A7F-9A2C-85EACD0741C2}.Debug|Any CPU.ActiveCfg = Debug|Any CPU
		{11214BA5-1856-4A7F-9A2C-85EACD0741C2}.Debug|Any CPU.Build.0 = Debug|Any CPU
		{11214BA5-1856-4A7F-9A2C-85EACD0741C2}.Release|Any CPU.ActiveCfg = Release|Any CPU
		{11214BA5-1856-4A7F-9A2C-85EACD0741C2}.Release|Any CPU.Build.0 = Release|Any CPU
	EndGlobalSection
	GlobalSection(SolutionProperties) = preSolution
		HideSolutionNode = FALSE
	EndGlobalSection
	GlobalSection(ExtensibilityGlobals) = postSolution
		SolutionGuid = {5771CB6C-37A8-4827-8492-8BE9CD75A60A}
	EndGlobalSection
EndGlobal
